
Microsoft Visual Studio Solution File, Format Version 12.00
# Visual Studio Version 16
VisualStudioVersion = 16.0.31019.35
MinimumVisualStudioVersion = 10.0.40219.1
Project("{FAE04EC0-301F-11D3-BF4B-00C04F79EFBC}") = "List", "List\List.csproj", "{CF9CB6BD-08FE-44AF-817C-88BD55684EE5}"
EndProject
Project("{FAE04EC0-301F-11D3-BF4B-00C04F79EFBC}") = "ArrayListTests", "ArrayListTests\ArrayListTests.csproj", "{6FC564B1-AF1E-49DA-991D-BF66CEE82646}"
EndProject
Global
	GlobalSection(SolutionConfigurationPlatforms) = preSolution
		Debug|Any CPU = Debug|Any CPU
		Release|Any CPU = Release|Any CPU
	EndGlobalSection
	GlobalSection(ProjectConfigurationPlatforms) = postSolution
		{CF9CB6BD-08FE-44AF-817C-88BD55684EE5}.Debug|Any CPU.ActiveCfg = Debug|Any CPU
		{CF9CB6BD-08FE-44AF-817C-88BD55684EE5}.Debug|Any CPU.Build.0 = Debug|Any CPU
		{CF9CB6BD-08FE-44AF-817C-88BD55684EE5}.Release|Any CPU.ActiveCfg = Release|Any CPU
		{CF9CB6BD-08FE-44AF-817C-88BD55684EE5}.Release|Any CPU.Build.0 = Release|Any CPU
		{6FC564B1-AF1E-49DA-991D-BF66CEE82646}.Debug|Any CPU.ActiveCfg = Debug|Any CPU
		{6FC564B1-AF1E-49DA-991D-BF66CEE82646}.Debug|Any CPU.Build.0 = Debug|Any CPU
		{6FC564B1-AF1E-49DA-991D-BF66CEE82646}.Release|Any CPU.ActiveCfg = Release|Any CPU
		{6FC564B1-AF1E-49DA-991D-BF66CEE82646}.Release|Any CPU.Build.0 = Release|Any CPU
	EndGlobalSection
	GlobalSection(SolutionProperties) = preSolution
		HideSolutionNode = FALSE
	EndGlobalSection
	GlobalSection(ExtensibilityGlobals) = postSolution
		SolutionGuid = {7ADA55C0-0BF7-4FC3-88DD-A1BE45A65988}
	EndGlobalSection
EndGlobal
